
Microsoft Visual Studio Solution File, Format Version 12.00
# Visual Studio Version 16
VisualStudioVersion = 16.0.34301.259
MinimumVisualStudioVersion = 10.0.40219.1
Project("{FAE04EC0-301F-11D3-BF4B-00C04F79EFBC}") = "CrudDefensa", "CrudDefensa\CrudDefensa.csproj", "{F820683E-71A9-4038-8253-B7F7D629D35F}"
EndProject
Global
	GlobalSection(SolutionConfigurationPlatforms) = preSolution
		Debug|Any CPU = Debug|Any CPU
		Release|Any CPU = Release|Any CPU
	EndGlobalSection
	GlobalSection(ProjectConfigurationPlatforms) = postSolution
		{F820683E-71A9-4038-8253-B7F7D629D35F}.Debug|Any CPU.ActiveCfg = Debug|Any CPU
		{F820683E-71A9-4038-8253-B7F7D629D35F}.Debug|Any CPU.Build.0 = Debug|Any CPU
		{F820683E-71A9-4038-8253-B7F7D629D35F}.Release|Any CPU.ActiveCfg = Release|Any CPU
		{F820683E-71A9-4038-8253-B7F7D629D35F}.Release|Any CPU.Build.0 = Release|Any CPU
	EndGlobalSection
	GlobalSection(SolutionProperties) = preSolution
		HideSolutionNode = FALSE
	EndGlobalSection
	GlobalSection(ExtensibilityGlobals) = postSolution
		SolutionGuid = {0F7371DD-2006-4C14-A372-D3CA0B7118B5}
	EndGlobalSection
EndGlobal
